
Microsoft Visual Studio Solution File, Format Version 12.00
# Visual Studio Version 17
VisualStudioVersion = 17.5.002.0
MinimumVisualStudioVersion = 10.0.40219.1
Project("{9A19103F-16F7-4668-BE54-9A1E7A4F7556}") = "Lab.SerilogProject.WebApi", "Lab.SerilogProject.WebApi\Lab.SerilogProject.WebApi.csproj", "{98B2D03E-6EC2-4D15-B7E4-1D409E692ED1}"
EndProject
Project("{FAE04EC0-301F-11D3-BF4B-00C04F79EFBC}") = "Lab.SerilogProject.ConsoleApp", "Lab.SerilogProject.ConsoleApp\Lab.SerilogProject.ConsoleApp.csproj", "{6A98794F-1A8A-4C90-95C5-E516D154233C}"
EndProject
Global
	GlobalSection(SolutionConfigurationPlatforms) = preSolution
		Debug|Any CPU = Debug|Any CPU
		Release|Any CPU = Release|Any CPU
	EndGlobalSection
	GlobalSection(ProjectConfigurationPlatforms) = postSolution
		{98B2D03E-6EC2-4D15-B7E4-1D409E692ED1}.Debug|Any CPU.ActiveCfg = Debug|Any CPU
		{98B2D03E-6EC2-4D15-B7E4-1D409E692ED1}.Debug|Any CPU.Build.0 = Debug|Any CPU
		{98B2D03E-6EC2-4D15-B7E4-1D409E692ED1}.Release|Any CPU.ActiveCfg = Release|Any CPU
		{98B2D03E-6EC2-4D15-B7E4-1D409E692ED1}.Release|Any CPU.Build.0 = Release|Any CPU
		{6A98794F-1A8A-4C90-95C5-E516D154233C}.Debug|Any CPU.ActiveCfg = Debug|Any CPU
		{6A98794F-1A8A-4C90-95C5-E516D154233C}.Debug|Any CPU.Build.0 = Debug|Any CPU
		{6A98794F-1A8A-4C90-95C5-E516D154233C}.Release|Any CPU.ActiveCfg = Release|Any CPU
		{6A98794F-1A8A-4C90-95C5-E516D154233C}.Release|Any CPU.Build.0 = Release|Any CPU
	EndGlobalSection
	GlobalSection(SolutionProperties) = preSolution
		HideSolutionNode = FALSE
	EndGlobalSection
	GlobalSection(ExtensibilityGlobals) = postSolution
		SolutionGuid = {1151DCE1-1F9B-4A7E-B05C-641FC0A4CEFE}
	EndGlobalSection
EndGlobal
